dependencies:
- name: postgresql
  repository: https://charts.bitnami.com/bitnami
  version: 16.6.4
- name: redis
  repository: https://charts.bitnami.com/bitnami
  version: 20.11.3
- name: replicated
  repository: oci://registry.replicated.com/library
  version: 1.19.1
digest: sha256:31555dca669f47aff8deb2b220778d448102ba34573aa23f600d75e1a566a0c9
generated: "2026-04-08T15:04:33.494977-04:00"
