dependencies:
- name: postgresql
  repository: https://charts.bitnami.com/bitnami
  version: 16.6.4
- name: redis
  repository: https://charts.bitnami.com/bitnami
  version: 20.11.3
digest: sha256:cdd0a9a0c08354087d2ba30370e7f033233ff6c6e747301cd17378a693e7586a
generated: "2026-04-06T15:25:50.969029-04:00"
